PODS:
  - AFNetworking (2.5.4):
    - AFNetworking/NSURLConnection (= 2.5.4)
    - AFNetworking/NSURLSession (= 2.5.4)
    - AFNetworking/Reachability (= 2.5.4)
    - AFNetworking/Security (= 2.5.4)
    - AFNetworking/Serialization (= 2.5.4)
    - AFNetworking/UIKit (= 2.5.4)
  - AFNetworking/NSURLConnection (2.5.4):
    - AFNetworking/Reachability
    - AFNetworking/Security
    - AFNetworking/Serialization
  - AFNetworking/NSURLSession (2.5.4):
    - AFNetworking/Reachability
    - AFNetworking/Security
    - AFNetworking/Serialization
  - AFNetworking/Reachability (2.5.4)
  - AFNetworking/Security (2.5.4)
  - AFNetworking/Serialization (2.5.4)
  - AFNetworking/UIKit (2.5.4):
    - AFNetworking/NSURLConnection
    - AFNetworking/NSURLSession
  - MagicalRecord (2.1):
    - MagicalRecord/Core (= 2.1)
  - MagicalRecord/Core (2.1)
  - MBProgressHUD (0.8)

DEPENDENCIES:
  - AFNetworking (= 2.5.4)
  - MagicalRecord (= 2.1)
  - MBProgressHUD (= 0.8)

SPEC CHECKSUMS:
  AFNetworking: 05edc0ac4c4c8cf57bcf4b84be5b0744b6d8e71e
  MagicalRecord: f03ffa9c9b90eeb8d4f1b37bedcba8b7226d7a55
  MBProgressHUD: 8688c331cb64702283be37ab8d7d329cdd25f251

COCOAPODS: 0.37.2
